
Microsoft Visual Studio Solution File, Format Version 12.00
# Visual Studio Version 17
VisualStudioVersion = 17.0.31903.59
MinimumVisualStudioVersion = 10.0.40219.1
Project("{FAE04EC0-301F-11D3-BF4B-00C04F79EFBC}") = "InterestLibrary", "InterestLibrary\InterestLibrary.csproj", "{336DC388-877E-4843-B433-995CD9E48532}"
EndProject
Project("{FAE04EC0-301F-11D3-BF4B-00C04F79EFBC}") = "InterestTests", "InterestTests\InterestTests.csproj", "{4804A5D1-1A5B-4B43-B5F4-B3B05245D884}"
EndProject
Global
	GlobalSection(SolutionConfigurationPlatforms) = preSolution
		Debug|Any CPU = Debug|Any CPU
		Release|Any CPU = Release|Any CPU
	EndGlobalSection
	GlobalSection(SolutionProperties) = preSolution
		HideSolutionNode = FALSE
	EndGlobalSection
	GlobalSection(ProjectConfigurationPlatforms) = postSolution
		{336DC388-877E-4843-B433-995CD9E48532}.Debug|Any CPU.ActiveCfg = Debug|Any CPU
		{336DC388-877E-4843-B433-995CD9E48532}.Debug|Any CPU.Build.0 = Debug|Any CPU
		{336DC388-877E-4843-B433-995CD9E48532}.Release|Any CPU.ActiveCfg = Release|Any CPU
		{336DC388-877E-4843-B433-995CD9E48532}.Release|Any CPU.Build.0 = Release|Any CPU
		{4804A5D1-1A5B-4B43-B5F4-B3B05245D884}.Debug|Any CPU.ActiveCfg = Debug|Any CPU
		{4804A5D1-1A5B-4B43-B5F4-B3B05245D884}.Debug|Any CPU.Build.0 = Debug|Any CPU
		{4804A5D1-1A5B-4B43-B5F4-B3B05245D884}.Release|Any CPU.ActiveCfg = Release|Any CPU
		{4804A5D1-1A5B-4B43-B5F4-B3B05245D884}.Release|Any CPU.Build.0 = Release|Any CPU
	EndGlobalSection
EndGlobal
